
Microsoft Visual Studio Solution File, Format Version 12.00
# Visual Studio 15
VisualStudioVersion = 15.0.28307.168
MinimumVisualStudioVersion = 10.0.40219.1
Project("{8BC9CEB8-8B4A-11D0-8D11-00A0C91BC942}") = "Arducam_Opencv_Demo", "Arducam_Opencv_Demo\Arducam_Opencv_Demo.vcxproj", "{4AF75867-8C6D-486A-B3CE-4FFEBCAF1463}"
EndProject
Global
	GlobalSection(SolutionConfigurationPlatforms) = preSolution
		Debug|x64 = Debug|x64
		Debug|x86 = Debug|x86
		Release|x64 = Release|x64
		Release|x86 = Release|x86
	EndGlobalSection
	GlobalSection(ProjectConfigurationPlatforms) = postSolution
		{4AF75867-8C6D-486A-B3CE-4FFEBCAF1463}.Debug|x64.ActiveCfg = Debug|x64
		{4AF75867-8C6D-486A-B3CE-4FFEBCAF1463}.Debug|x64.Build.0 = Debug|x64
		{4AF75867-8C6D-486A-B3CE-4FFEBCAF1463}.Debug|x86.ActiveCfg = Debug|Win32
		{4AF75867-8C6D-486A-B3CE-4FFEBCAF1463}.Debug|x86.Build.0 = Debug|Win32
		{4AF75867-8C6D-486A-B3CE-4FFEBCAF1463}.Release|x64.ActiveCfg = Release|x64
		{4AF75867-8C6D-486A-B3CE-4FFEBCAF1463}.Release|x64.Build.0 = Release|x64
		{4AF75867-8C6D-486A-B3CE-4FFEBCAF1463}.Release|x86.ActiveCfg = Release|Win32
		{4AF75867-8C6D-486A-B3CE-4FFEBCAF1463}.Release|x86.Build.0 = Release|Win32
	EndGlobalSection
	GlobalSection(SolutionProperties) = preSolution
		HideSolutionNode = FALSE
	EndGlobalSection
	GlobalSection(ExtensibilityGlobals) = postSolution
		SolutionGuid = {AF0DBAB7-A544-481B-A8AD-8794262524AF}
	EndGlobalSection
EndGlobal
